
Microsoft Visual Studio Solution File, Format Version 12.00
# Visual Studio Version 17
VisualStudioVersion = 17.14.37411.7 d17.14
MinimumVisualStudioVersion = 10.0.40219.1
Project("{FAE04EC0-301F-11D3-BF4B-00C04F79EFBC}") = "calc(short_for_calculator_just_using_slang)", "calc(short_for_calculator_just_using_slang).csproj", "{D6D31E00-09A8-486F-8DB5-7FB0FA0AA73B}"
EndProject
Global
	GlobalSection(SolutionConfigurationPlatforms) = preSolution
		Debug|Any CPU = Debug|Any CPU
		Release|Any CPU = Release|Any CPU
	EndGlobalSection
	GlobalSection(ProjectConfigurationPlatforms) = postSolution
		{D6D31E00-09A8-486F-8DB5-7FB0FA0AA73B}.Debug|Any CPU.ActiveCfg = Debug|Any CPU
		{D6D31E00-09A8-486F-8DB5-7FB0FA0AA73B}.Debug|Any CPU.Build.0 = Debug|Any CPU
		{D6D31E00-09A8-486F-8DB5-7FB0FA0AA73B}.Release|Any CPU.ActiveCfg = Release|Any CPU
		{D6D31E00-09A8-486F-8DB5-7FB0FA0AA73B}.Release|Any CPU.Build.0 = Release|Any CPU
	EndGlobalSection
	GlobalSection(SolutionProperties) = preSolution
		HideSolutionNode = FALSE
	EndGlobalSection
	GlobalSection(ExtensibilityGlobals) = postSolution
		SolutionGuid = {91BE1BF0-FBD0-43BA-ACA2-619C0E1BFCA3}
	EndGlobalSection
EndGlobal
